{
  "expressions_hash": "e3b0c44298fc1c149afbf4c8996fb92427ae41e4649b934ca495991b7852b855",
  "invariants_hash": "e53f101a7e7f29b4865049537e5a2fdffcf192bf9e103a68001e857612277676",
  "ip": "pl330_target",
  "ssot_hash": "4669eb3ffea2a7118893ec9373d42fe150854fc5437177d61a39b8516b572bf0",
  "transactions_hash": "06bbc0ca0926cbcb99e7929fff33849afacf5009c80b3c02c392478c41875bcd"
}
